// !$*UTF8*$!
{
	archiveVersion = 1;
	classes = {
	};
	objectVersion = 55;
	objects = {

/* Begin PBXBuildFile section */
		73FE9FC2B1D695D164921EAC /* Pods_MarvelComicTests.framework in Frameworks */ = {isa = PBXBuildFile; fileRef = EAD3B76EB9A6A56549B64948 /* Pods_MarvelComicTests.framework */; };
		9DD006CF6B9FE6580C4748E9 /* Pods_MarvelComic__iOS_.framework in Frameworks */ = {isa = PBXBuildFile; fileRef = 42F5517E43937936317216AB /* Pods_MarvelComic__iOS_.framework */; };
		CD2D6DDB27D96FC0003C5D71 /* MarvelAPI.swift in Sources */ = {isa = PBXBuildFile; fileRef = CD2D6DDA27D96FC0003C5D71 /* MarvelAPI.swift */; };
		CD2D6DDF27D97075003C5D71 /* ComicDetail.swift in Sources */ = {isa = PBXBuildFile; fileRef = CD2D6DDE27D97075003C5D71 /* ComicDetail.swift */; };
		CD2D6DE727DA4D6C003C5D71 /* Mock.json in Resources */ = {isa = PBXBuildFile; fileRef = CD2D6DE627DA4D6C003C5D71 /* Mock.json */; };
		CD2D6DEA27DBA1FB003C5D71 /* ComicDetailViewModel.swift in Sources */ = {isa = PBXBuildFile; fileRef = CD2D6DE927DBA1FB003C5D71 /* ComicDetailViewModel.swift */; };
		CD2D6DED27DBB110003C5D71 /* UIHelpers.swift in Sources */ = {isa = PBXBuildFile; fileRef = CD2D6DEC27DBB110003C5D71 /* UIHelpers.swift */; };
		CD70415D27DFEB610033CC4F /* MarvelComicTests.swift in Sources */ = {isa = PBXBuildFile; fileRef = CD70415C27DFEB610033CC4F /* MarvelComicTests.swift */; };
		CD70416A27E0D6680033CC4F /* MarvelComicUITests.swift in Sources */ = {isa = PBXBuildFile; fileRef = CD70416927E0D6680033CC4F /* MarvelComicUITests.swift */; };
		CD70416C27E0D6680033CC4F /* MarvelComicUITestsLaunchTests.swift in Sources */ = {isa = PBXBuildFile; fileRef = CD70416B27E0D6680033CC4F /* MarvelComicUITestsLaunchTests.swift */; };
		CD81965B27E25CD600035898 /* Reload.swift in Sources */ = {isa = PBXBuildFile; fileRef = CD81965A27E25CD600035898 /* Reload.swift */; };
		CDB5C55327D948A900B2AC51 /* MarvelComicApp.swift in Sources */ = {isa = PBXBuildFile; fileRef = CDB5C52B27D948A700B2AC51 /* MarvelComicApp.swift */; };
		CDB5C55527D948A900B2AC51 /* ComicDetailView.swift in Sources */ = {isa = PBXBuildFile; fileRef = CDB5C52C27D948A700B2AC51 /* ComicDetailView.swift */; };
		CDB5C55727D948A900B2AC51 /* Assets.xcassets in Resources */ = {isa = PBXBuildFile; fileRef = CDB5C52D27D948A900B2AC51 /* Assets.xcassets */; };
/* End PBXBuildFile section */

/* Begin PBXContainerItemProxy section */
		CD70415E27DFEB610033CC4F /* PBXContainerItemProxy */ = {
			isa = PBXContainerItemProxy;
			containerPortal = CDB5C52627D948A700B2AC51 /* Project object */;
			proxyType = 1;
			remoteGlobalIDString = CDB5C53127D948A900B2AC51;
			remoteInfo = "MarvelComic (iOS)";
		};
		CD70416D27E0D6680033CC4F /* PBXContainerItemProxy */ = {
			isa = PBXContainerItemProxy;
			containerPortal = CDB5C52627D948A700B2AC51 /* Project object */;
			proxyType = 1;
			remoteGlobalIDString = CDB5C53127D948A900B2AC51;
			remoteInfo = "MarvelComic (iOS)";
		};
/* End PBXContainerItemProxy section */

/* Begin PBXFileReference section */
		0C6481A9E71F8CAFE4E661E9 /* Pods-MarvelComic (iOS).debug.xcconfig */ = {isa = PBXFileReference; includeInIndex = 1; lastKnownFileType = text.xcconfig; name = "Pods-MarvelComic (iOS).debug.xcconfig"; path = "Target Support Files/Pods-MarvelComic (iOS)/Pods-MarvelComic (iOS).debug.xcconfig"; sourceTree = "<group>"; };
		1A5966083AD529351A208D19 /* Pods-MarvelComicTests.test.xcconfig */ = {isa = PBXFileReference; includeInIndex = 1; lastKnownFileType = text.xcconfig; name = "Pods-MarvelComicTests.test.xcconfig"; path = "Target Support Files/Pods-MarvelComicTests/Pods-MarvelComicTests.test.xcconfig"; sourceTree = "<group>"; };
		42F5517E43937936317216AB /* Pods_MarvelComic__iOS_.framework */ = {isa = PBXFileReference; explicitFileType = wrapper.framework; includeInIndex = 0; path = Pods_MarvelComic__iOS_.framework; sourceTree = BUILT_PRODUCTS_DIR; };
		6D4751EC6D3176C0BE14C60E /* Pods_Tests_iOS.framework */ = {isa = PBXFileReference; explicitFileType = wrapper.framework; includeInIndex = 0; path = Pods_Tests_iOS.framework; sourceTree = BUILT_PRODUCTS_DIR; };
		848A05A1DD8CCB4DCE8E1874 /* Pods-MarvelComic (iOS).release.xcconfig */ = {isa = PBXFileReference; includeInIndex = 1; lastKnownFileType = text.xcconfig; name = "Pods-MarvelComic (iOS).release.xcconfig"; path = "Target Support Files/Pods-MarvelComic (iOS)/Pods-MarvelComic (iOS).release.xcconfig"; sourceTree = "<group>"; };
		CD2D6DDA27D96FC0003C5D71 /* MarvelAPI.swift */ = {isa = PBXFileReference; lastKnownFileType = sourcecode.swift; path = MarvelAPI.swift; sourceTree = "<group>"; };
		CD2D6DDE27D97075003C5D71 /* ComicDetail.swift */ = {isa = PBXFileReference; lastKnownFileType = sourcecode.swift; path = ComicDetail.swift; sourceTree = "<group>"; };
		CD2D6DE627DA4D6C003C5D71 /* Mock.json */ = {isa = PBXFileReference; lastKnownFileType = text.json; path = Mock.json; sourceTree = "<group>"; };
		CD2D6DE927DBA1FB003C5D71 /* ComicDetailViewModel.swift */ = {isa = PBXFileReference; lastKnownFileType = sourcecode.swift; path = ComicDetailViewModel.swift; sourceTree = "<group>"; };
		CD2D6DEC27DBB110003C5D71 /* UIHelpers.swift */ = {isa = PBXFileReference; lastKnownFileType = sourcecode.swift; path = UIHelpers.swift; sourceTree = "<group>"; };
		CD2D6DEF27DBE3C9003C5D71 /* MarvelComic--iOS--Info.plist */ = {isa = PBXFileReference; lastKnownFileType = text.plist; path = "MarvelComic--iOS--Info.plist"; sourceTree = "<group>"; };
		CD70415A27DFEB610033CC4F /* MarvelComicTests.xctest */ = {isa = PBXFileReference; explicitFileType = wrapper.cfbundle; includeInIndex = 0; path = MarvelComicTests.xctest; sourceTree = BUILT_PRODUCTS_DIR; };
		CD70415C27DFEB610033CC4F /* MarvelComicTests.swift */ = {isa = PBXFileReference; lastKnownFileType = sourcecode.swift; path = MarvelComicTests.swift; sourceTree = "<group>"; };
		CD70416727E0D6680033CC4F /* MarvelComicUITests.xctest */ = {isa = PBXFileReference; explicitFileType = wrapper.cfbundle; includeInIndex = 0; path = MarvelComicUITests.xctest; sourceTree = BUILT_PRODUCTS_DIR; };
		CD70416927E0D6680033CC4F /* MarvelComicUITests.swift */ = {isa = PBXFileReference; lastKnownFileType = sourcecode.swift; path = MarvelComicUITests.swift; sourceTree = "<group>"; };
		CD70416B27E0D6680033CC4F /* MarvelComicUITestsLaunchTests.swift */ = {isa = PBXFileReference; lastKnownFileType = sourcecode.swift; path = MarvelComicUITestsLaunchTests.swift; sourceTree = "<group>"; };
		CD81965A27E25CD600035898 /* Reload.swift */ = {isa = PBXFileReference; lastKnownFileType = sourcecode.swift; path = Reload.swift; sourceTree = "<group>"; };
		CD81965C27E265F300035898 /* MarvelComicTests.xctestplan */ = {isa = PBXFileReference; lastKnownFileType = text; path = MarvelComicTests.xctestplan; sourceTree = "<group>"; };
		CDB5C52B27D948A700B2AC51 /* MarvelComicApp.swift */ = {isa = PBXFileReference; lastKnownFileType = sourcecode.swift; path = MarvelComicApp.swift; sourceTree = "<group>"; };
		CDB5C52C27D948A700B2AC51 /* ComicDetailView.swift */ = {isa = PBXFileReference; lastKnownFileType = sourcecode.swift; path = ComicDetailView.swift; sourceTree = "<group>"; };
		CDB5C52D27D948A900B2AC51 /* Assets.xcassets */ = {isa = PBXFileReference; lastKnownFileType = folder.assetcatalog; path = Assets.xcassets; sourceTree = "<group>"; };
		CDB5C53227D948A900B2AC51 /* MarvelComic.app */ = {isa = PBXFileReference; explicitFileType = wrapper.application; includeInIndex = 0; path = MarvelComic.app; sourceTree = BUILT_PRODUCTS_DIR; };
		D63B96BCF8E1B16CEE428777 /* Pods-Tests iOS.debug.xcconfig */ = {isa = PBXFileReference; includeInIndex = 1; lastKnownFileType = text.xcconfig; name = "Pods-Tests iOS.debug.xcconfig"; path = "Target Support Files/Pods-Tests iOS/Pods-Tests iOS.debug.xcconfig"; sourceTree = "<group>"; };
		E7843182AEE2F551EC28DB48 /* Pods-MarvelComic (iOS).test.xcconfig */ = {isa = PBXFileReference; includeInIndex = 1; lastKnownFileType = text.xcconfig; name = "Pods-MarvelComic (iOS).test.xcconfig"; path = "Target Support Files/Pods-MarvelComic (iOS)/Pods-MarvelComic (iOS).test.xcconfig"; sourceTree = "<group>"; };
		EAD3B76EB9A6A56549B64948 /* Pods_MarvelComicTests.framework */ = {isa = PBXFileReference; explicitFileType = wrapper.framework; includeInIndex = 0; path = Pods_MarvelComicTests.framework; sourceTree = BUILT_PRODUCTS_DIR; };
		ECED731E9375BCE992E163D0 /* Pods-Tests iOS.release.xcconfig */ = {isa = PBXFileReference; includeInIndex = 1; lastKnownFileType = text.xcconfig; name = "Pods-Tests iOS.release.xcconfig"; path = "Target Support Files/Pods-Tests iOS/Pods-Tests iOS.release.xcconfig"; sourceTree = "<group>"; };
		ED45754A43ED7ABE00318DAA /* Pods-MarvelComicTests.debug.xcconfig */ = {isa = PBXFileReference; includeInIndex = 1; lastKnownFileType = text.xcconfig; name = "Pods-MarvelComicTests.debug.xcconfig"; path = "Target Support Files/Pods-MarvelComicTests/Pods-MarvelComicTests.debug.xcconfig"; sourceTree = "<group>"; };
		ED65F160962BFB9D6532F9DF /* Pods-MarvelComicTests.release.xcconfig */ = {isa = PBXFileReference; includeInIndex = 1; lastKnownFileType = text.xcconfig; name = "Pods-MarvelComicTests.release.xcconfig"; path = "Target Support Files/Pods-MarvelComicTests/Pods-MarvelComicTests.release.xcconfig"; sourceTree = "<group>"; };
/* End PBXFileReference section */

/* Begin PBXFrameworksBuildPhase section */
		CD70415727DFEB610033CC4F /* Frameworks */ = {
			isa = PBXFrameworksBuildPhase;
			buildActionMask = 2147483647;
			files = (
				73FE9FC2B1D695D164921EAC /* Pods_MarvelComicTests.framework in Frameworks */,
			);
			runOnlyForDeploymentPostprocessing = 0;
		};
		CD70416427E0D6680033CC4F /* Frameworks */ = {
			isa = PBXFrameworksBuildPhase;
			buildActionMask = 2147483647;
			files = (
			);
			runOnlyForDeploymentPostprocessing = 0;
		};
		CDB5C52F27D948A900B2AC51 /* Frameworks */ = {
			isa = PBXFrameworksBuildPhase;
			buildActionMask = 2147483647;
			files = (
				9DD006CF6B9FE6580C4748E9 /* Pods_MarvelComic__iOS_.framework in Frameworks */,
			);
			runOnlyForDeploymentPostprocessing = 0;
		};
/* End PBXFrameworksBuildPhase section */

/* Begin PBXGroup section */
		1C03B81229F4A8C44D54CF9F /* Pods */ = {
			isa = PBXGroup;
			children = (
				0C6481A9E71F8CAFE4E661E9 /* Pods-MarvelComic (iOS).debug.xcconfig */,
				848A05A1DD8CCB4DCE8E1874 /* Pods-MarvelComic (iOS).release.xcconfig */,
				D63B96BCF8E1B16CEE428777 /* Pods-Tests iOS.debug.xcconfig */,
				ECED731E9375BCE992E163D0 /* Pods-Tests iOS.release.xcconfig */,
				ED45754A43ED7ABE00318DAA /* Pods-MarvelComicTests.debug.xcconfig */,
				ED65F160962BFB9D6532F9DF /* Pods-MarvelComicTests.release.xcconfig */,
				E7843182AEE2F551EC28DB48 /* Pods-MarvelComic (iOS).test.xcconfig */,
				1A5966083AD529351A208D19 /* Pods-MarvelComicTests.test.xcconfig */,
			);
			path = Pods;
			sourceTree = "<group>";
		};
		9DDE7DAAD5B5EB76AD925166 /* Frameworks */ = {
			isa = PBXGroup;
			children = (
				42F5517E43937936317216AB /* Pods_MarvelComic__iOS_.framework */,
				6D4751EC6D3176C0BE14C60E /* Pods_Tests_iOS.framework */,
				EAD3B76EB9A6A56549B64948 /* Pods_MarvelComicTests.framework */,
			);
			name = Frameworks;
			sourceTree = "<group>";
		};
		CD2D6DDD27D96FC9003C5D71 /* Networking */ = {
			isa = PBXGroup;
			children = (
				CD2D6DDA27D96FC0003C5D71 /* MarvelAPI.swift */,
				CD2D6DE627DA4D6C003C5D71 /* Mock.json */,
			);
			path = Networking;
			sourceTree = "<group>";
		};
		CD2D6DE127D9707B003C5D71 /* Data */ = {
			isa = PBXGroup;
			children = (
				CD2D6DDE27D97075003C5D71 /* ComicDetail.swift */,
			);
			path = Data;
			sourceTree = "<group>";
		};
		CD2D6DE527D9B492003C5D71 /* UI */ = {
			isa = PBXGroup;
			children = (
				CDB5C52C27D948A700B2AC51 /* ComicDetailView.swift */,
				CD2D6DE927DBA1FB003C5D71 /* ComicDetailViewModel.swift */,
				CD2D6DEC27DBB110003C5D71 /* UIHelpers.swift */,
				CD81965A27E25CD600035898 /* Reload.swift */,
			);
			path = UI;
			sourceTree = "<group>";
		};
		CD70415B27DFEB610033CC4F /* MarvelComicTests */ = {
			isa = PBXGroup;
			children = (
				CD81965C27E265F300035898 /* MarvelComicTests.xctestplan */,
				CD70415C27DFEB610033CC4F /* MarvelComicTests.swift */,
			);
			path = MarvelComicTests;
			sourceTree = "<group>";
		};
		CD70416827E0D6680033CC4F /* MarvelComicUITests */ = {
			isa = PBXGroup;
			children = (
				CD70416927E0D6680033CC4F /* MarvelComicUITests.swift */,
				CD70416B27E0D6680033CC4F /* MarvelComicUITestsLaunchTests.swift */,
			);
			path = MarvelComicUITests;
			sourceTree = "<group>";
		};
		CDB5C52527D948A700B2AC51 = {
			isa = PBXGroup;
			children = (
				CD2D6DEF27DBE3C9003C5D71 /* MarvelComic--iOS--Info.plist */,
				CDB5C52A27D948A700B2AC51 /* Shared */,
				CD70415B27DFEB610033CC4F /* MarvelComicTests */,
				CD70416827E0D6680033CC4F /* MarvelComicUITests */,
				CDB5C53327D948A900B2AC51 /* Products */,
				1C03B81229F4A8C44D54CF9F /* Pods */,
				9DDE7DAAD5B5EB76AD925166 /* Frameworks */,
			);
			sourceTree = "<group>";
		};
		CDB5C52A27D948A700B2AC51 /* Shared */ = {
			isa = PBXGroup;
			children = (
				CDB5C52B27D948A700B2AC51 /* MarvelComicApp.swift */,
				CD2D6DE527D9B492003C5D71 /* UI */,
				CD2D6DE127D9707B003C5D71 /* Data */,
				CD2D6DDD27D96FC9003C5D71 /* Networking */,
				CDB5C52D27D948A900B2AC51 /* Assets.xcassets */,
			);
			path = Shared;
			sourceTree = "<group>";
		};
		CDB5C53327D948A900B2AC51 /* Products */ = {
			isa = PBXGroup;
			children = (
				CDB5C53227D948A900B2AC51 /* MarvelComic.app */,
				CD70415A27DFEB610033CC4F /* MarvelComicTests.xctest */,
				CD70416727E0D6680033CC4F /* MarvelComicUITests.xctest */,
			);
			name = Products;
			sourceTree = "<group>";
		};
/* End PBXGroup section */

/* Begin PBXNativeTarget section */
		CD70415927DFEB610033CC4F /* MarvelComicTests */ = {
			isa = PBXNativeTarget;
			buildConfigurationList = CD70416027DFEB610033CC4F /* Build configuration list for PBXNativeTarget "MarvelComicTests" */;
			buildPhases = (
				931A786E0D311C57EC4C40AF /* [CP] Check Pods Manifest.lock */,
				CD70415627DFEB610033CC4F /* Sources */,
				CD70415727DFEB610033CC4F /* Frameworks */,
				CD70415827DFEB610033CC4F /* Resources */,
			);
			buildRules = (
			);
			dependencies = (
				CD70415F27DFEB610033CC4F /* PBXTargetDependency */,
			);
			name = MarvelComicTests;
			productName = MarvelComicTests;
			productReference = CD70415A27DFEB610033CC4F /* MarvelComicTests.xctest */;
			productType = "com.apple.product-type.bundle.unit-test";
		};
		CD70416627E0D6680033CC4F /* MarvelComicUITests */ = {
			isa = PBXNativeTarget;
			buildConfigurationList = CD70416F27E0D6680033CC4F /* Build configuration list for PBXNativeTarget "MarvelComicUITests" */;
			buildPhases = (
				CD70416327E0D6680033CC4F /* Sources */,
				CD70416427E0D6680033CC4F /* Frameworks */,
				CD70416527E0D6680033CC4F /* Resources */,
			);
			buildRules = (
			);
			dependencies = (
				CD70416E27E0D6680033CC4F /* PBXTargetDependency */,
			);
			name = MarvelComicUITests;
			productName = MarvelComicUITests;
			productReference = CD70416727E0D6680033CC4F /* MarvelComicUITests.xctest */;
			productType = "com.apple.product-type.bundle.ui-testing";
		};
		CDB5C53127D948A900B2AC51 /* MarvelComic (iOS) */ = {
			isa = PBXNativeTarget;
			buildConfigurationList = CDB5C55B27D948A900B2AC51 /* Build configuration list for PBXNativeTarget "MarvelComic (iOS)" */;
			buildPhases = (
				C85829B6657E0B14C926D2C5 /* [CP] Check Pods Manifest.lock */,
				CDB5C52E27D948A900B2AC51 /* Sources */,
				CDB5C52F27D948A900B2AC51 /* Frameworks */,
				CDB5C53027D948A900B2AC51 /* Resources */,
				AAAFFEF4BDDDB95CD75A257C /* [CP] Embed Pods Frameworks */,
			);
			buildRules = (
			);
			dependencies = (
			);
			name = "MarvelComic (iOS)";
			productName = "MarvelComic (iOS)";
			productReference = CDB5C53227D948A900B2AC51 /* MarvelComic.app */;
			productType = "com.apple.product-type.application";
		};
/* End PBXNativeTarget section */

/* Begin PBXProject section */
		CDB5C52627D948A700B2AC51 /* Project object */ = {
			isa = PBXProject;
			attributes = {
				BuildIndependentTargetsInParallel = 1;
				LastSwiftUpdateCheck = 1320;
				LastUpgradeCheck = 1320;
				TargetAttributes = {
					CD70415927DFEB610033CC4F = {
						CreatedOnToolsVersion = 13.2.1;
						TestTargetID = CDB5C53127D948A900B2AC51;
					};
					CD70416627E0D6680033CC4F = {
						CreatedOnToolsVersion = 13.2.1;
						TestTargetID = CDB5C53127D948A900B2AC51;
					};
					CDB5C53127D948A900B2AC51 = {
						CreatedOnToolsVersion = 13.2.1;
					};
				};
			};
			buildConfigurationList = CDB5C52927D948A700B2AC51 /* Build configuration list for PBXProject "MarvelComic" */;
			compatibilityVersion = "Xcode 13.0";
			developmentRegion = en;
			hasScannedForEncodings = 0;
			knownRegions = (
				en,
				Base,
			);
			mainGroup = CDB5C52527D948A700B2AC51;
			productRefGroup = CDB5C53327D948A900B2AC51 /* Products */;
			projectDirPath = "";
			projectRoot = "";
			targets = (
				CDB5C53127D948A900B2AC51 /* MarvelComic (iOS) */,
				CD70415927DFEB610033CC4F /* MarvelComicTests */,
				CD70416627E0D6680033CC4F /* MarvelComicUITests */,
			);
		};
/* End PBXProject section */

/* Begin PBXResourcesBuildPhase section */
		CD70415827DFEB610033CC4F /* Resources */ = {
			isa = PBXResourcesBuildPhase;
			buildActionMask = 2147483647;
			files = (
			);
			runOnlyForDeploymentPostprocessing = 0;
		};
		CD70416527E0D6680033CC4F /* Resources */ = {
			isa = PBXResourcesBuildPhase;
			buildActionMask = 2147483647;
			files = (
			);
			runOnlyForDeploymentPostprocessing = 0;
		};
		CDB5C53027D948A900B2AC51 /* Resources */ = {
			isa = PBXResourcesBuildPhase;
			buildActionMask = 2147483647;
			files = (
				CDB5C55727D948A900B2AC51 /* Assets.xcassets in Resources */,
				CD2D6DE727DA4D6C003C5D71 /* Mock.json in Resources */,
			);
			runOnlyForDeploymentPostprocessing = 0;
		};
/* End PBXResourcesBuildPhase section */

/* Begin PBXShellScriptBuildPhase section */
		931A786E0D311C57EC4C40AF /* [CP] Check Pods Manifest.lock */ = {
			isa = PBXShellScriptBuildPhase;
			buildActionMask = 2147483647;
			files = (
			);
			inputFileListPaths = (
			);
			inputPaths = (
				"${PODS_PODFILE_DIR_PATH}/Podfile.lock",
				"${PODS_ROOT}/Manifest.lock",
			);
			name = "[CP] Check Pods Manifest.lock";
			outputFileListPaths = (
			);
			outputPaths = (
				"$(DERIVED_FILE_DIR)/Pods-MarvelComicTests-checkManifestLockResult.txt",
			);
			runOnlyForDeploymentPostprocessing = 0;
			shellPath = /bin/sh;
			shellScript = "diff \"${PODS_PODFILE_DIR_PATH}/Podfile.lock\" \"${PODS_ROOT}/Manifest.lock\" > /dev/null\nif [ $? != 0 ] ; then\n    # print error to STDERR\n    echo \"error: The sandbox is not in sync with the Podfile.lock. Run 'pod install' or update your CocoaPods installation.\" >&2\n    exit 1\nfi\n# This output is used by Xcode 'outputs' to avoid re-running this script phase.\necho \"SUCCESS\" > \"${SCRIPT_OUTPUT_FILE_0}\"\n";
			showEnvVarsInLog = 0;
		};
		AAAFFEF4BDDDB95CD75A257C /* [CP] Embed Pods Frameworks */ = {
			isa = PBXShellScriptBuildPhase;
			buildActionMask = 2147483647;
			files = (
			);
			inputFileListPaths = (
				"${PODS_ROOT}/Target Support Files/Pods-MarvelComic (iOS)/Pods-MarvelComic (iOS)-frameworks-${CONFIGURATION}-input-files.xcfilelist",
			);
			name = "[CP] Embed Pods Frameworks";
			outputFileListPaths = (
				"${PODS_ROOT}/Target Support Files/Pods-MarvelComic (iOS)/Pods-MarvelComic (iOS)-frameworks-${CONFIGURATION}-output-files.xcfilelist",
			);
			runOnlyForDeploymentPostprocessing = 0;
			shellPath = /bin/sh;
			shellScript = "\"${PODS_ROOT}/Target Support Files/Pods-MarvelComic (iOS)/Pods-MarvelComic (iOS)-frameworks.sh\"\n";
			showEnvVarsInLog = 0;
		};
		C85829B6657E0B14C926D2C5 /* [CP] Check Pods Manifest.lock */ = {
			isa = PBXShellScriptBuildPhase;
			buildActionMask = 2147483647;
			files = (
			);
			inputFileListPaths = (
			);
			inputPaths = (
				"${PODS_PODFILE_DIR_PATH}/Podfile.lock",
				"${PODS_ROOT}/Manifest.lock",
			);
			name = "[CP] Check Pods Manifest.lock";
			outputFileListPaths = (
			);
			outputPaths = (
				"$(DERIVED_FILE_DIR)/Pods-MarvelComic (iOS)-checkManifestLockResult.txt",
			);
			runOnlyForDeploymentPostprocessing = 0;
			shellPath = /bin/sh;
			shellScript = "diff \"${PODS_PODFILE_DIR_PATH}/Podfile.lock\" \"${PODS_ROOT}/Manifest.lock\" > /dev/null\nif [ $? != 0 ] ; then\n    # print error to STDERR\n    echo \"error: The sandbox is not in sync with the Podfile.lock. Run 'pod install' or update your CocoaPods installation.\" >&2\n    exit 1\nfi\n# This output is used by Xcode 'outputs' to avoid re-running this script phase.\necho \"SUCCESS\" > \"${SCRIPT_OUTPUT_FILE_0}\"\n";
			showEnvVarsInLog = 0;
		};
/* End PBXShellScriptBuildPhase section */

/* Begin PBXSourcesBuildPhase section */
		CD70415627DFEB610033CC4F /* Sources */ = {
			isa = PBXSourcesBuildPhase;
			buildActionMask = 2147483647;
			files = (
				CD70415D27DFEB610033CC4F /* MarvelComicTests.swift in Sources */,
			);
			runOnlyForDeploymentPostprocessing = 0;
		};
		CD70416327E0D6680033CC4F /* Sources */ = {
			isa = PBXSourcesBuildPhase;
			buildActionMask = 2147483647;
			files = (
				CD70416A27E0D6680033CC4F /* MarvelComicUITests.swift in Sources */,
				CD70416C27E0D6680033CC4F /* MarvelComicUITestsLaunchTests.swift in Sources */,
			);
			runOnlyForDeploymentPostprocessing = 0;
		};
		CDB5C52E27D948A900B2AC51 /* Sources */ = {
			isa = PBXSourcesBuildPhase;
			buildActionMask = 2147483647;
			files = (
				CD2D6DED27DBB110003C5D71 /* UIHelpers.swift in Sources */,
				CD2D6DDB27D96FC0003C5D71 /* MarvelAPI.swift in Sources */,
				CDB5C55527D948A900B2AC51 /* ComicDetailView.swift in Sources */,
				CD2D6DDF27D97075003C5D71 /* ComicDetail.swift in Sources */,
				CD81965B27E25CD600035898 /* Reload.swift in Sources */,
				CD2D6DEA27DBA1FB003C5D71 /* ComicDetailViewModel.swift in Sources */,
				CDB5C55327D948A900B2AC51 /* MarvelComicApp.swift in Sources */,
			);
			runOnlyForDeploymentPostprocessing = 0;
		};
/* End PBXSourcesBuildPhase section */

/* Begin PBXTargetDependency section */
		CD70415F27DFEB610033CC4F /* PBXTargetDependency */ = {
			isa = PBXTargetDependency;
			target = CDB5C53127D948A900B2AC51 /* MarvelComic (iOS) */;
			targetProxy = CD70415E27DFEB610033CC4F /* PBXContainerItemProxy */;
		};
		CD70416E27E0D6680033CC4F /* PBXTargetDependency */ = {
			isa = PBXTargetDependency;
			target = CDB5C53127D948A900B2AC51 /* MarvelComic (iOS) */;
			targetProxy = CD70416D27E0D6680033CC4F /* PBXContainerItemProxy */;
		};
/* End PBXTargetDependency section */

/* Begin XCBuildConfiguration section */
		CD70416227DFEB610033CC4F /* Release */ = {
			isa = XCBuildConfiguration;
			baseConfigurationReference = ED65F160962BFB9D6532F9DF /* Pods-MarvelComicTests.release.xcconfig */;
			buildSettings = {
				BUNDLE_LOADER = "$(TEST_HOST)";
				CODE_SIGN_STYLE = Automatic;
				CURRENT_PROJECT_VERSION = 1;
				DEVELOPMENT_TEAM = UJCBG5R7WP;
				GENERATE_INFOPLIST_FILE = YES;
				IPHONEOS_DEPLOYMENT_TARGET = 15.2;
				MARKETING_VERSION = 1.0;
				OTHER_SWIFT_FLAGS = "-DTEST";
				PRODUCT_BUNDLE_IDENTIFIER = com.clay.MarvelComicTests;
				PRODUCT_NAME = "$(TARGET_NAME)";
				SDKROOT = iphoneos;
				SWIFT_ACTIVE_COMPILATION_CONDITIONS = TEST;
				SWIFT_EMIT_LOC_STRINGS = NO;
				SWIFT_VERSION = 5.0;
				TARGETED_DEVICE_FAMILY = "1,2";
				TEST_HOST = "$(BUILT_PRODUCTS_DIR)/MarvelComic.app/MarvelComic";
				VALIDATE_PRODUCT = YES;
			};
			name = Release;
		};
		CD70417127E0D6680033CC4F /* Release */ = {
			isa = XCBuildConfiguration;
			buildSettings = {
				CODE_SIGN_STYLE = Automatic;
				CURRENT_PROJECT_VERSION = 1;
				DEVELOPMENT_TEAM = UJCBG5R7WP;
				GENERATE_INFOPLIST_FILE = YES;
				IPHONEOS_DEPLOYMENT_TARGET = 15.2;
				MARKETING_VERSION = 1.0;
				OTHER_SWIFT_FLAGS = "-DTEST";
				PRODUCT_BUNDLE_IDENTIFIER = com.clay.MarvelComicUITests;
				PRODUCT_NAME = "$(TARGET_NAME)";
				SDKROOT = iphoneos;
				SWIFT_ACTIVE_COMPILATION_CONDITIONS = TEST;
				SWIFT_EMIT_LOC_STRINGS = NO;
				SWIFT_VERSION = 5.0;
				TARGETED_DEVICE_FAMILY = "1,2";
				TEST_TARGET_NAME = "MarvelComic (iOS)";
				VALIDATE_PRODUCT = YES;
			};
			name = Release;
		};
		CD81965D27E2680E00035898 /* Test */ = {
			isa = XCBuildConfiguration;
			buildSettings = {
				ALWAYS_SEARCH_USER_PATHS = NO;
				CLANG_ANALYZER_NONNULL = YES;
				CLANG_ANALYZER_NUMBER_OBJECT_CONVERSION = YES_AGGRESSIVE;
				CLANG_CXX_LANGUAGE_STANDARD = "gnu++17";
				CLANG_CXX_LIBRARY = "libc++";
				CLANG_ENABLE_MODULES = YES;
				CLANG_ENABLE_OBJC_ARC = YES;
				CLANG_ENABLE_OBJC_WEAK = YES;
				CLANG_WARN_BLOCK_CAPTURE_AUTORELEASING = YES;
				CLANG_WARN_BOOL_CONVERSION = YES;
				CLANG_WARN_COMMA = YES;
				CLANG_WARN_CONSTANT_CONVERSION = YES;
				CLANG_WARN_DEPRECATED_OBJC_IMPLEMENTATIONS = YES;
				CLANG_WARN_DIRECT_OBJC_ISA_USAGE = YES_ERROR;
				CLANG_WARN_DOCUMENTATION_COMMENTS = YES;
				CLANG_WARN_EMPTY_BODY = YES;
				CLANG_WARN_ENUM_CONVERSION = YES;
				CLANG_WARN_INFINITE_RECURSION = YES;
				CLANG_WARN_INT_CONVERSION = YES;
				CLANG_WARN_NON_LITERAL_NULL_CONVERSION = YES;
				CLANG_WARN_OBJC_IMPLICIT_RETAIN_SELF = YES;
				CLANG_WARN_OBJC_LITERAL_CONVERSION = YES;
				CLANG_WARN_OBJC_ROOT_CLASS = YES_ERROR;
				CLANG_WARN_QUOTED_INCLUDE_IN_FRAMEWORK_HEADER = YES;
				CLANG_WARN_RANGE_LOOP_ANALYSIS = YES;
				CLANG_WARN_STRICT_PROTOTYPES = YES;
				CLANG_WARN_SUSPICIOUS_MOVE = YES;
				CLANG_WARN_UNGUARDED_AVAILABILITY = YES_AGGRESSIVE;
				CLANG_WARN_UNREACHABLE_CODE = YES;
				CLANG_WARN__DUPLICATE_METHOD_MATCH = YES;
				COPY_PHASE_STRIP = NO;
				DEBUG_INFORMATION_FORMAT = dwarf;
				ENABLE_STRICT_OBJC_MSGSEND = YES;
				ENABLE_TESTABILITY = YES;
				GCC_C_LANGUAGE_STANDARD = gnu11;
				GCC_DYNAMIC_NO_PIC = NO;
				GCC_NO_COMMON_BLOCKS = YES;
				GCC_OPTIMIZATION_LEVEL = 0;
				GCC_PREPROCESSOR_DEFINITIONS = (
					"DEBUG=1",
					"$(inherited)",
				);
				GCC_WARN_64_TO_32_BIT_CONVERSION = YES;
				GCC_WARN_ABOUT_RETURN_TYPE = YES_ERROR;
				GCC_WARN_UNDECLARED_SELECTOR = YES;
				GCC_WARN_UNINITIALIZED_AUTOS = YES_AGGRESSIVE;
				GCC_WARN_UNUSED_FUNCTION = YES;
				GCC_WARN_UNUSED_VARIABLE = YES;
				MTL_ENABLE_DEBUG_INFO = INCLUDE_SOURCE;
				MTL_FAST_MATH = YES;
				ONLY_ACTIVE_ARCH = YES;
				SWIFT_ACTIVE_COMPILATION_CONDITIONS = DEBUG;
				SWIFT_OPTIMIZATION_LEVEL = "-Onone";
			};
			name = Test;
		};
		CD81965E27E2680E00035898 /* Test */ = {
			isa = XCBuildConfiguration;
			baseConfigurationReference = E7843182AEE2F551EC28DB48 /* Pods-MarvelComic (iOS).test.xcconfig */;
			buildSettings = {
				ASSETCATALOG_COMPILER_APPICON_NAME = AppIcon;
				ASSETCATALOG_COMPILER_GLOBAL_ACCENT_COLOR_NAME = AccentColor;
				CODE_SIGN_STYLE = Automatic;
				CURRENT_PROJECT_VERSION = 1;
				DEVELOPMENT_TEAM = UJCBG5R7WP;
				ENABLE_PREVIEWS = YES;
				GENERATE_INFOPLIST_FILE = YES;
				INFOPLIST_FILE = "MarvelComic--iOS--Info.plist";
				INFOPLIST_KEY_UIApplicationSceneManifest_Generation = YES;
				INFOPLIST_KEY_UIApplicationSupportsIndirectInputEvents = YES;
				INFOPLIST_KEY_UILaunchScreen_Generation = YES;
				INFOPLIST_KEY_UISupportedInterfaceOrientations_iPad = "UIInterfaceOrientationPortrait UIInterfaceOrientationPortraitUpsideDown UIInterfaceOrientationLandscapeLeft UIInterfaceOrientationLandscapeRight";
				INFOPLIST_KEY_UISupportedInterfaceOrientations_iPhone = "UIInterfaceOrientationPortrait UIInterfaceOrientationLandscapeLeft UIInterfaceOrientationLandscapeRight";
				IPHONEOS_DEPLOYMENT_TARGET = 15.2;
				LD_RUNPATH_SEARCH_PATHS = (
					"$(inherited)",
					"@executable_path/Frameworks",
				);
				MARKETING_VERSION = 1.0;
				OTHER_SWIFT_FLAGS = "-D TEST";
				PRODUCT_BUNDLE_IDENTIFIER = com.clay.MarvelComic;
				PRODUCT_NAME = MarvelComic;
				SDKROOT = iphoneos;
				SWIFT_ACTIVE_COMPILATION_CONDITIONS = TEST;
				SWIFT_EMIT_LOC_STRINGS = YES;
				SWIFT_VERSION = 5.0;
				TARGETED_DEVICE_FAMILY = "1,2";
			};
			name = Test;
		};
		CD81965F27E2680E00035898 /* Test */ = {
			isa = XCBuildConfiguration;
			baseConfigurationReference = 1A5966083AD529351A208D19 /* Pods-MarvelComicTests.test.xcconfig */;
			buildSettings = {
				BUNDLE_LOADER = "$(TEST_HOST)";
				CODE_SIGN_STYLE = Automatic;
				CURRENT_PROJECT_VERSION = 1;
				DEVELOPMENT_TEAM = UJCBG5R7WP;
				GENERATE_INFOPLIST_FILE = YES;
				IPHONEOS_DEPLOYMENT_TARGET = 15.2;
				MARKETING_VERSION = 1.0;
				OTHER_SWIFT_FLAGS = "-DTEST";
				PRODUCT_BUNDLE_IDENTIFIER = com.clay.MarvelComicTests;
				PRODUCT_NAME = "$(TARGET_NAME)";
				SDKROOT = iphoneos;
				SWIFT_ACTIVE_COMPILATION_CONDITIONS = TEST;
				SWIFT_EMIT_LOC_STRINGS = NO;
				SWIFT_VERSION = 5.0;
				TARGETED_DEVICE_FAMILY = "1,2";
				TEST_HOST = "$(BUILT_PRODUCTS_DIR)/MarvelComic.app/MarvelComic";
			};
			name = Test;
		};
		CD81966027E2680E00035898 /* Test */ = {
			isa = XCBuildConfiguration;
			buildSettings = {
				CODE_SIGN_STYLE = Automatic;
				CURRENT_PROJECT_VERSION = 1;
				DEVELOPMENT_TEAM = UJCBG5R7WP;
				GENERATE_INFOPLIST_FILE = YES;
				IPHONEOS_DEPLOYMENT_TARGET = 15.2;
				MARKETING_VERSION = 1.0;
				OTHER_SWIFT_FLAGS = "-DTEST";
				PRODUCT_BUNDLE_IDENTIFIER = com.clay.MarvelComicUITests;
				PRODUCT_NAME = "$(TARGET_NAME)";
				SDKROOT = iphoneos;
				SWIFT_ACTIVE_COMPILATION_CONDITIONS = TEST;
				SWIFT_EMIT_LOC_STRINGS = NO;
				SWIFT_VERSION = 5.0;
				TARGETED_DEVICE_FAMILY = "1,2";
				TEST_TARGET_NAME = "MarvelComic (iOS)";
			};
			name = Test;
		};
		CD81966127E2682E00035898 /* Debug */ = {
			isa = XCBuildConfiguration;
			buildSettings = {
				ALWAYS_SEARCH_USER_PATHS = NO;
				CLANG_ANALYZER_NONNULL = YES;
				CLANG_ANALYZER_NUMBER_OBJECT_CONVERSION = YES_AGGRESSIVE;
				CLANG_CXX_LANGUAGE_STANDARD = "gnu++17";
				CLANG_CXX_LIBRARY = "libc++";
				CLANG_ENABLE_MODULES = YES;
				CLANG_ENABLE_OBJC_ARC = YES;
				CLANG_ENABLE_OBJC_WEAK = YES;
				CLANG_WARN_BLOCK_CAPTURE_AUTORELEASING = YES;
				CLANG_WARN_BOOL_CONVERSION = YES;
				CLANG_WARN_COMMA = YES;
				CLANG_WARN_CONSTANT_CONVERSION = YES;
				CLANG_WARN_DEPRECATED_OBJC_IMPLEMENTATIONS = YES;
				CLANG_WARN_DIRECT_OBJC_ISA_USAGE = YES_ERROR;
				CLANG_WARN_DOCUMENTATION_COMMENTS = YES;
				CLANG_WARN_EMPTY_BODY = YES;
				CLANG_WARN_ENUM_CONVERSION = YES;
				CLANG_WARN_INFINITE_RECURSION = YES;
				CLANG_WARN_INT_CONVERSION = YES;
				CLANG_WARN_NON_LITERAL_NULL_CONVERSION = YES;
				CLANG_WARN_OBJC_IMPLICIT_RETAIN_SELF = YES;
				CLANG_WARN_OBJC_LITERAL_CONVERSION = YES;
				CLANG_WARN_OBJC_ROOT_CLASS = YES_ERROR;
				CLANG_WARN_QUOTED_INCLUDE_IN_FRAMEWORK_HEADER = YES;
				CLANG_WARN_RANGE_LOOP_ANALYSIS = YES;
				CLANG_WARN_STRICT_PROTOTYPES = YES;
				CLANG_WARN_SUSPICIOUS_MOVE = YES;
				CLANG_WARN_UNGUARDED_AVAILABILITY = YES_AGGRESSIVE;
				CLANG_WARN_UNREACHABLE_CODE = YES;
				CLANG_WARN__DUPLICATE_METHOD_MATCH = YES;
				COPY_PHASE_STRIP = NO;
				DEBUG_INFORMATION_FORMAT = dwarf;
				ENABLE_STRICT_OBJC_MSGSEND = YES;
				ENABLE_TESTABILITY = YES;
				GCC_C_LANGUAGE_STANDARD = gnu11;
				GCC_DYNAMIC_NO_PIC = NO;
				GCC_NO_COMMON_BLOCKS = YES;
				GCC_OPTIMIZATION_LEVEL = 0;
				GCC_PREPROCESSOR_DEFINITIONS = (
					"DEBUG=1",
					"$(inherited)",
				);
				GCC_WARN_64_TO_32_BIT_CONVERSION = YES;
				GCC_WARN_ABOUT_RETURN_TYPE = YES_ERROR;
				GCC_WARN_UNDECLARED_SELECTOR = YES;
				GCC_WARN_UNINITIALIZED_AUTOS = YES_AGGRESSIVE;
				GCC_WARN_UNUSED_FUNCTION = YES;
				GCC_WARN_UNUSED_VARIABLE = YES;
				MTL_ENABLE_DEBUG_INFO = INCLUDE_SOURCE;
				MTL_FAST_MATH = YES;
				ONLY_ACTIVE_ARCH = YES;
				SWIFT_ACTIVE_COMPILATION_CONDITIONS = DEBUG;
				SWIFT_OPTIMIZATION_LEVEL = "-Onone";
			};
			name = Debug;
		};
		CD81966227E2682E00035898 /* Debug */ = {
			isa = XCBuildConfiguration;
			baseConfigurationReference = 0C6481A9E71F8CAFE4E661E9 /* Pods-MarvelComic (iOS).debug.xcconfig */;
			buildSettings = {
				ASSETCATALOG_COMPILER_APPICON_NAME = AppIcon;
				ASSETCATALOG_COMPILER_GLOBAL_ACCENT_COLOR_NAME = AccentColor;
				CODE_SIGN_STYLE = Automatic;
				CURRENT_PROJECT_VERSION = 1;
				DEVELOPMENT_TEAM = UJCBG5R7WP;
				ENABLE_PREVIEWS = YES;
				GENERATE_INFOPLIST_FILE = YES;
				INFOPLIST_FILE = "MarvelComic--iOS--Info.plist";
				INFOPLIST_KEY_UIApplicationSceneManifest_Generation = YES;
				INFOPLIST_KEY_UIApplicationSupportsIndirectInputEvents = YES;
				INFOPLIST_KEY_UILaunchScreen_Generation = YES;
				INFOPLIST_KEY_UISupportedInterfaceOrientations_iPad = "UIInterfaceOrientationPortrait UIInterfaceOrientationPortraitUpsideDown UIInterfaceOrientationLandscapeLeft UIInterfaceOrientationLandscapeRight";
				INFOPLIST_KEY_UISupportedInterfaceOrientations_iPhone = "UIInterfaceOrientationPortrait UIInterfaceOrientationLandscapeLeft UIInterfaceOrientationLandscapeRight";
				IPHONEOS_DEPLOYMENT_TARGET = 15.2;
				LD_RUNPATH_SEARCH_PATHS = (
					"$(inherited)",
					"@executable_path/Frameworks",
				);
				MARKETING_VERSION = 1.0;
				OTHER_SWIFT_FLAGS = "$(inherited) -D COCOAPODS -D DEBUG";
				PRODUCT_BUNDLE_IDENTIFIER = com.clay.MarvelComic;
				PRODUCT_NAME = MarvelComic;
				SDKROOT = iphoneos;
				SWIFT_EMIT_LOC_STRINGS = YES;
				SWIFT_VERSION = 5.0;
				TARGETED_DEVICE_FAMILY = "1,2";
			};
			name = Debug;
		};
		CD81966327E2682E00035898 /* Debug */ = {
			isa = XCBuildConfiguration;
			baseConfigurationReference = ED45754A43ED7ABE00318DAA /* Pods-MarvelComicTests.debug.xcconfig */;
			buildSettings = {
				BUNDLE_LOADER = "$(TEST_HOST)";
				CODE_SIGN_STYLE = Automatic;
				CURRENT_PROJECT_VERSION = 1;
				DEVELOPMENT_TEAM = UJCBG5R7WP;
				GENERATE_INFOPLIST_FILE = YES;
				IPHONEOS_DEPLOYMENT_TARGET = 15.2;
				MARKETING_VERSION = 1.0;
				OTHER_SWIFT_FLAGS = "-DTEST";
				PRODUCT_BUNDLE_IDENTIFIER = com.clay.MarvelComicTests;
				PRODUCT_NAME = "$(TARGET_NAME)";
				SDKROOT = iphoneos;
				SWIFT_ACTIVE_COMPILATION_CONDITIONS = TEST;
				SWIFT_EMIT_LOC_STRINGS = NO;
				SWIFT_VERSION = 5.0;
				TARGETED_DEVICE_FAMILY = "1,2";
				TEST_HOST = "$(BUILT_PRODUCTS_DIR)/MarvelComic.app/MarvelComic";
			};
			name = Debug;
		};
		CD81966427E2682E00035898 /* Debug */ = {
			isa = XCBuildConfiguration;
			buildSettings = {
				CODE_SIGN_STYLE = Automatic;
				CURRENT_PROJECT_VERSION = 1;
				DEVELOPMENT_TEAM = UJCBG5R7WP;
				GENERATE_INFOPLIST_FILE = YES;
				IPHONEOS_DEPLOYMENT_TARGET = 15.2;
				MARKETING_VERSION = 1.0;
				OTHER_SWIFT_FLAGS = "-DTEST";
				PRODUCT_BUNDLE_IDENTIFIER = com.clay.MarvelComicUITests;
				PRODUCT_NAME = "$(TARGET_NAME)";
				SDKROOT = iphoneos;
				SWIFT_ACTIVE_COMPILATION_CONDITIONS = TEST;
				SWIFT_EMIT_LOC_STRINGS = NO;
				SWIFT_VERSION = 5.0;
				TARGETED_DEVICE_FAMILY = "1,2";
				TEST_TARGET_NAME = "MarvelComic (iOS)";
			};
			name = Debug;
		};
		CDB5C55A27D948A900B2AC51 /* Release */ = {
			isa = XCBuildConfiguration;
			buildSettings = {
				ALWAYS_SEARCH_USER_PATHS = NO;
				CLANG_ANALYZER_NONNULL = YES;
				CLANG_ANALYZER_NUMBER_OBJECT_CONVERSION = YES_AGGRESSIVE;
				CLANG_CXX_LANGUAGE_STANDARD = "gnu++17";
				CLANG_CXX_LIBRARY = "libc++";
				CLANG_ENABLE_MODULES = YES;
				CLANG_ENABLE_OBJC_ARC = YES;
				CLANG_ENABLE_OBJC_WEAK = YES;
				CLANG_WARN_BLOCK_CAPTURE_AUTORELEASING = YES;
				CLANG_WARN_BOOL_CONVERSION = YES;
				CLANG_WARN_COMMA = YES;
				CLANG_WARN_CONSTANT_CONVERSION = YES;
				CLANG_WARN_DEPRECATED_OBJC_IMPLEMENTATIONS = YES;
				CLANG_WARN_DIRECT_OBJC_ISA_USAGE = YES_ERROR;
				CLANG_WARN_DOCUMENTATION_COMMENTS = YES;
				CLANG_WARN_EMPTY_BODY = YES;
				CLANG_WARN_ENUM_CONVERSION = YES;
				CLANG_WARN_INFINITE_RECURSION = YES;
				CLANG_WARN_INT_CONVERSION = YES;
				CLANG_WARN_NON_LITERAL_NULL_CONVERSION = YES;
				CLANG_WARN_OBJC_IMPLICIT_RETAIN_SELF = YES;
				CLANG_WARN_OBJC_LITERAL_CONVERSION = YES;
				CLANG_WARN_OBJC_ROOT_CLASS = YES_ERROR;
				CLANG_WARN_QUOTED_INCLUDE_IN_FRAMEWORK_HEADER = YES;
				CLANG_WARN_RANGE_LOOP_ANALYSIS = YES;
				CLANG_WARN_STRICT_PROTOTYPES = YES;
				CLANG_WARN_SUSPICIOUS_MOVE = YES;
				CLANG_WARN_UNGUARDED_AVAILABILITY = YES_AGGRESSIVE;
				CLANG_WARN_UNREACHABLE_CODE = YES;
				CLANG_WARN__DUPLICATE_METHOD_MATCH = YES;
				COPY_PHASE_STRIP = NO;
				DEBUG_INFORMATION_FORMAT = "dwarf-with-dsym";
				ENABLE_NS_ASSERTIONS = NO;
				ENABLE_STRICT_OBJC_MSGSEND = YES;
				GCC_C_LANGUAGE_STANDARD = gnu11;
				GCC_NO_COMMON_BLOCKS = YES;
				GCC_WARN_64_TO_32_BIT_CONVERSION = YES;
				GCC_WARN_ABOUT_RETURN_TYPE = YES_ERROR;
				GCC_WARN_UNDECLARED_SELECTOR = YES;
				GCC_WARN_UNINITIALIZED_AUTOS = YES_AGGRESSIVE;
				GCC_WARN_UNUSED_FUNCTION = YES;
				GCC_WARN_UNUSED_VARIABLE = YES;
				MTL_ENABLE_DEBUG_INFO = NO;
				MTL_FAST_MATH = YES;
				SWIFT_COMPILATION_MODE = wholemodule;
				SWIFT_OPTIMIZATION_LEVEL = "-O";
			};
			name = Release;
		};
		CDB5C55D27D948A900B2AC51 /* Release */ = {
			isa = XCBuildConfiguration;
			baseConfigurationReference = 848A05A1DD8CCB4DCE8E1874 /* Pods-MarvelComic (iOS).release.xcconfig */;
			buildSettings = {
				ASSETCATALOG_COMPILER_APPICON_NAME = AppIcon;
				ASSETCATALOG_COMPILER_GLOBAL_ACCENT_COLOR_NAME = AccentColor;
				CODE_SIGN_STYLE = Automatic;
				CURRENT_PROJECT_VERSION = 1;
				DEVELOPMENT_TEAM = UJCBG5R7WP;
				ENABLE_PREVIEWS = YES;
				GENERATE_INFOPLIST_FILE = YES;
				INFOPLIST_FILE = "MarvelComic--iOS--Info.plist";
				INFOPLIST_KEY_UIApplicationSceneManifest_Generation = YES;
				INFOPLIST_KEY_UIApplicationSupportsIndirectInputEvents = YES;
				INFOPLIST_KEY_UILaunchScreen_Generation = YES;
				INFOPLIST_KEY_UISupportedInterfaceOrientations_iPad = "UIInterfaceOrientationPortrait UIInterfaceOrientationPortraitUpsideDown UIInterfaceOrientationLandscapeLeft UIInterfaceOrientationLandscapeRight";
				INFOPLIST_KEY_UISupportedInterfaceOrientations_iPhone = "UIInterfaceOrientationPortrait UIInterfaceOrientationLandscapeLeft UIInterfaceOrientationLandscapeRight";
				IPHONEOS_DEPLOYMENT_TARGET = 15.2;
				LD_RUNPATH_SEARCH_PATHS = (
					"$(inherited)",
					"@executable_path/Frameworks",
				);
				MARKETING_VERSION = 1.0;
				PRODUCT_BUNDLE_IDENTIFIER = com.clay.MarvelComic;
				PRODUCT_NAME = MarvelComic;
				SDKROOT = iphoneos;
				SWIFT_EMIT_LOC_STRINGS = YES;
				SWIFT_VERSION = 5.0;
				TARGETED_DEVICE_FAMILY = "1,2";
				VALIDATE_PRODUCT = YES;
			};
			name = Release;
		};
/* End XCBuildConfiguration section */

/* Begin XCConfigurationList section */
		CD70416027DFEB610033CC4F /* Build configuration list for PBXNativeTarget "MarvelComicTests" */ = {
			isa = XCConfigurationList;
			buildConfigurations = (
				CD81965F27E2680E00035898 /* Test */,
				CD81966327E2682E00035898 /* Debug */,
				CD70416227DFEB610033CC4F /* Release */,
			);
			defaultConfigurationIsVisible = 0;
			defaultConfigurationName = Release;
		};
		CD70416F27E0D6680033CC4F /* Build configuration list for PBXNativeTarget "MarvelComicUITests" */ = {
			isa = XCConfigurationList;
			buildConfigurations = (
				CD81966027E2680E00035898 /* Test */,
				CD81966427E2682E00035898 /* Debug */,
				CD70417127E0D6680033CC4F /* Release */,
			);
			defaultConfigurationIsVisible = 0;
			defaultConfigurationName = Release;
		};
		CDB5C52927D948A700B2AC51 /* Build configuration list for PBXProject "MarvelComic" */ = {
			isa = XCConfigurationList;
			buildConfigurations = (
				CD81965D27E2680E00035898 /* Test */,
				CD81966127E2682E00035898 /* Debug */,
				CDB5C55A27D948A900B2AC51 /* Release */,
			);
			defaultConfigurationIsVisible = 0;
			defaultConfigurationName = Release;
		};
		CDB5C55B27D948A900B2AC51 /* Build configuration list for PBXNativeTarget "MarvelComic (iOS)" */ = {
			isa = XCConfigurationList;
			buildConfigurations = (
				CD81965E27E2680E00035898 /* Test */,
				CD81966227E2682E00035898 /* Debug */,
				CDB5C55D27D948A900B2AC51 /* Release */,
			);
			defaultConfigurationIsVisible = 0;
			defaultConfigurationName = Release;
		};
/* End XCConfigurationList section */
	};
	rootObject = CDB5C52627D948A700B2AC51 /* Project object */;
}
